// !$*UTF8*$!
{
	archiveVersion = 1;
	classes = {
	};
	objectVersion = 51;
	objects = {

/* Begin PBXBuildFile section */
		D403CC1621653A5700FB6315 /* Test006BaselineLocationSearches.swift in Sources */ = {isa = PBXBuildFile; fileRef = D403CC1521653A5700FB6315 /* Test006BaselineLocationSearches.swift */; };
		D410B1B921775C3A001A42A4 /* Test007MixedSearches.swift in Sources */ = {isa = PBXBuildFile; fileRef = D410B1B821775C3A001A42A4 /* Test007MixedSearches.swift */; };
		D415A1C4215BF4AE00FE4991 /* Test003BasicThingListing.swift in Sources */ = {isa = PBXBuildFile; fileRef = D415A1C3215BF4AE00FE4991 /* Test003BasicThingListing.swift */; };
		D418AF832165242D005FE28A /* Test005BaselineStringSearches.swift in Sources */ = {isa = PBXBuildFile; fileRef = D418AF822165242C005FE28A /* Test005BaselineStringSearches.swift */; };
		D42432BE2162794100CF3C1F /* Test004BaselineSearches.swift in Sources */ = {isa = PBXBuildFile; fileRef = D42432BD2162794100CF3C1F /* Test004BaselineSearches.swift */; };
		D4260D3D218544BD002C5815 /* AUDIO.mp3 in Resources */ = {isa = PBXBuildFile; fileRef = D4260D3B2185447F002C5815 /* AUDIO.mp3 */; };
		D4420C32217DF66D00E46CCF /* WhiteDragonSDKTester.swift in Sources */ = {isa = PBXBuildFile; fileRef = D4687FF32142E4D000293358 /* WhiteDragonSDKTester.swift */; };
		D4420C36217E586A00E46CCF /* RVP_EditElementViewController.swift in Sources */ = {isa = PBXBuildFile; fileRef = D4420C35217E586A00E46CCF /* RVP_EditElementViewController.swift */; };
		D462417621853B73001C8D14 /* VIDEO.mp4 in Resources */ = {isa = PBXBuildFile; fileRef = D462417121853B40001C8D14 /* VIDEO.mp4 */; };
		D462417721853B73001C8D14 /* EPUB.epub in Resources */ = {isa = PBXBuildFile; fileRef = D462417221853B40001C8D14 /* EPUB.epub */; };
		D462417821853B73001C8D14 /* TEXT.txt in Resources */ = {isa = PBXBuildFile; fileRef = D462417321853B40001C8D14 /* TEXT.txt */; };
		D462417921853B73001C8D14 /* PDF.pdf in Resources */ = {isa = PBXBuildFile; fileRef = D462417421853B40001C8D14 /* PDF.pdf */; };
		D462417A21853B73001C8D14 /* IMAGE.jpg in Resources */ = {isa = PBXBuildFile; fileRef = D462417521853B40001C8D14 /* IMAGE.jpg */; };
		D4687FF42142E4D000293358 /* WhiteDragonSDKTester.swift in Sources */ = {isa = PBXBuildFile; fileRef = D4687FF32142E4D000293358 /* WhiteDragonSDKTester.swift */; };
		D477B40A213EA86B0018AB45 /* white_dragonTests.swift in Sources */ = {isa = PBXBuildFile; fileRef = D477B409213EA86B0018AB45 /* white_dragonTests.swift */; };
		D4885EE42155216F00DF9862 /* RVP_DisplayResultsScrollView.swift in Sources */ = {isa = PBXBuildFile; fileRef = D4885EE32155216F00DF9862 /* RVP_DisplayResultsScrollView.swift */; };
		D48CBE6F21638ED8001EF727 /* RVP_ResultListViewController.swift in Sources */ = {isa = PBXBuildFile; fileRef = D48CBE6E21638ED8001EF727 /* RVP_ResultListViewController.swift */; };
		D48CBE712163AD0C001EF727 /* TestBaseViewController.swift in Sources */ = {isa = PBXBuildFile; fileRef = D48CBE702163AD0C001EF727 /* TestBaseViewController.swift */; };
		D48F4A5A215669D300597A2C /* RVP_DisplayResultsScreenViewController.swift in Sources */ = {isa = PBXBuildFile; fileRef = D48F4A59215669D300597A2C /* RVP_DisplayResultsScreenViewController.swift */; };
		D4A3EFDB215E9A9C0056BBA9 /* RVP_iOS_SDK_Utils.swift in Sources */ = {isa = PBXBuildFile; fileRef = D4A3EFDA215E9A9C0056BBA9 /* RVP_iOS_SDK_Utils.swift */; };
		D4A3EFDD215E9B4E0056BBA9 /* RVP_iOS_SDK_Utils.swift in Sources */ = {isa = PBXBuildFile; fileRef = D4A3EFDA215E9A9C0056BBA9 /* RVP_iOS_SDK_Utils.swift */; };
		D4A5C3432152BA6500159EFF /* TestHarnessUtilities.swift in Sources */ = {isa = PBXBuildFile; fileRef = D4A5C3422152BA6500159EFF /* TestHarnessUtilities.swift */; };
		D4AD175C217DE96E00F768A3 /* RVP_Cocoa_SDK.swift in Sources */ = {isa = PBXBuildFile; fileRef = D4B94830213EEA6200A3560E /* RVP_Cocoa_SDK.swift */; };
		D4AD175D217DE97A00F768A3 /* A_RVP_Cocoa_SDK_Data_Object.swift in Sources */ = {isa = PBXBuildFile; fileRef = D43CC106214C4EA900548B8E /* A_RVP_Cocoa_SDK_Data_Object.swift */; };
		D4AD175E217DE97A00F768A3 /* A_RVP_Cocoa_SDK_Object.swift in Sources */ = {isa = PBXBuildFile; fileRef = D43CC108214C4EA900548B8E /* A_RVP_Cocoa_SDK_Object.swift */; };
		D4AD175F217DE97A00F768A3 /* A_RVP_Cocoa_SDK_Security_Object.swift in Sources */ = {isa = PBXBuildFile; fileRef = D43CC103214C4EA900548B8E /* A_RVP_Cocoa_SDK_Security_Object.swift */; };
		D4AD1760217DE97A00F768A3 /* RVP_Cocoa_SDK_Login.swift in Sources */ = {isa = PBXBuildFile; fileRef = D43CC109214C4EA900548B8E /* RVP_Cocoa_SDK_Login.swift */; };
		D4AD1761217DE97A00F768A3 /* RVP_Cocoa_SDK_Place.swift in Sources */ = {isa = PBXBuildFile; fileRef = D43CC105214C4EA900548B8E /* RVP_Cocoa_SDK_Place.swift */; };
		D4AD1762217DE97A00F768A3 /* RVP_Cocoa_SDK_Thing.swift in Sources */ = {isa = PBXBuildFile; fileRef = D43CC107214C4EA900548B8E /* RVP_Cocoa_SDK_Thing.swift */; };
		D4AD1763217DE97A00F768A3 /* RVP_Cocoa_SDK_User.swift in Sources */ = {isa = PBXBuildFile; fileRef = D43CC104214C4EA900548B8E /* RVP_Cocoa_SDK_User.swift */; };
		D4AD1764217DE97A00F768A3 /* RVP_Cocoa_SDK_Internal_Utils.swift in Sources */ = {isa = PBXBuildFile; fileRef = D43CC11F214C4EB200548B8E /* RVP_Cocoa_SDK_Internal_Utils.swift */; };
		D4AD1769217DE9FE00F768A3 /* libWhiteDragon.a in Frameworks */ = {isa = PBXBuildFile; fileRef = D4AD1755217DE96100F768A3 /* libWhiteDragon.a */; };
		D4AD176C217DEB1400F768A3 /* libWhiteDragon.a in Frameworks */ = {isa = PBXBuildFile; fileRef = D4AD1755217DE96100F768A3 /* libWhiteDragon.a */; };
		D4CA327A215943D900A63DAD /* Test002BasicPlaceListing.swift in Sources */ = {isa = PBXBuildFile; fileRef = D4CA3279215943D900A63DAD /* Test002BasicPlaceListing.swift */; };
		D4E2685E214302A2002ECE12 /* TestHarnessAppDelegate.swift in Sources */ = {isa = PBXBuildFile; fileRef = D4E2685D214302A2002ECE12 /* TestHarnessAppDelegate.swift */; };
		D4E26863214302A2002ECE12 /* Main.storyboard in Resources */ = {isa = PBXBuildFile; fileRef = D4E26861214302A2002ECE12 /* Main.storyboard */; };
		D4E26865214302A3002ECE12 /* Assets.xcassets in Resources */ = {isa = PBXBuildFile; fileRef = D4E26864214302A3002ECE12 /* Assets.xcassets */; };
		D4E26868214302A4002ECE12 /* LaunchScreen.storyboard in Resources */ = {isa = PBXBuildFile; fileRef = D4E26866214302A3002ECE12 /* LaunchScreen.storyboard */; };
		D4E74A822183712D00B1FB6C /* RVP_DisplayPayloadView.swift in Sources */ = {isa = PBXBuildFile; fileRef = D4E74A812183712D00B1FB6C /* RVP_DisplayPayloadView.swift */; };
		D4E74A84218373E400B1FB6C /* RVP_DisplayResultsBaseScreenViewController.swift in Sources */ = {isa = PBXBuildFile; fileRef = D4E74A83218373E400B1FB6C /* RVP_DisplayResultsBaseScreenViewController.swift */; };
		D4FC297D21514BFB008271E4 /* Test001BasicUserListing.swift in Sources */ = {isa = PBXBuildFile; fileRef = D4FC297C21514BFB008271E4 /* Test001BasicUserListing.swift */; };
		D4FF8B6521542E9F0051A0B8 /* RVP_DisplayElementView.swift in Sources */ = {isa = PBXBuildFile; fileRef = D4FF8B6421542E9F0051A0B8 /* RVP_DisplayElementView.swift */; };
/* End PBXBuildFile section */

/* Begin PBXContainerItemProxy section */
		D4AD1767217DE9D400F768A3 /* PBXContainerItemProxy */ = {
			isa = PBXContainerItemProxy;
			containerPortal = D477B3F2213EA86B0018AB45 /* Project object */;
			proxyType = 1;
			remoteGlobalIDString = D4AD1754217DE96100F768A3;
			remoteInfo = WhiteDragonSDK;
		};
		D4AD176A217DEB0B00F768A3 /* PBXContainerItemProxy */ = {
			isa = PBXContainerItemProxy;
			containerPortal = D477B3F2213EA86B0018AB45 /* Project object */;
			proxyType = 1;
			remoteGlobalIDString = D4AD1754217DE96100F768A3;
			remoteInfo = WhiteDragonSDK;
		};
/* End PBXContainerItemProxy section */

/* Begin PBXCopyFilesBuildPhase section */
		D4AD1753217DE96100F768A3 /* CopyFiles */ = {
			isa = PBXCopyFilesBuildPhase;
			buildActionMask = 2147483647;
			dstPath = "include/$(PRODUCT_NAME)";
			dstSubfolderSpec = 16;
			files = (
			);
			runOnlyForDeploymentPostprocessing = 0;
		};
/* End PBXCopyFilesBuildPhase section */

/* Begin PBXFileReference section */
		46806188771D045885288B30 /* Pods-WhiteDragon.release.xcconfig */ = {isa = PBXFileReference; includeInIndex = 1; lastKnownFileType = text.xcconfig; name = "Pods-WhiteDragon.release.xcconfig"; path = "Pods/Target Support Files/Pods-WhiteDragon/Pods-WhiteDragon.release.xcconfig"; sourceTree = "<group>"; };
		476F28DD70EAC9B58B112A82 /* Pods-WhiteDragon.debug.xcconfig */ = {isa = PBXFileReference; includeInIndex = 1; lastKnownFileType = text.xcconfig; name = "Pods-WhiteDragon.debug.xcconfig"; path = "Pods/Target Support Files/Pods-WhiteDragon/Pods-WhiteDragon.debug.xcconfig"; sourceTree = "<group>"; };
		52AF89BB14A3FA819E96EF06 /* Pods-WhiteDragonTestHarness.debug.xcconfig */ = {isa = PBXFileReference; includeInIndex = 1; lastKnownFileType = text.xcconfig; name = "Pods-WhiteDragonTestHarness.debug.xcconfig"; path = "Pods/Target Support Files/Pods-WhiteDragonTestHarness/Pods-WhiteDragonTestHarness.debug.xcconfig"; sourceTree = "<group>"; };
		6EE849B2D59254BD44D1DD0E /* Pods-WhiteDragonTestHarness.release.xcconfig */ = {isa = PBXFileReference; includeInIndex = 1; lastKnownFileType = text.xcconfig; name = "Pods-WhiteDragonTestHarness.release.xcconfig"; path = "Pods/Target Support Files/Pods-WhiteDragonTestHarness/Pods-WhiteDragonTestHarness.release.xcconfig"; sourceTree = "<group>"; };
		D403CC1521653A5700FB6315 /* Test006BaselineLocationSearches.swift */ = {isa = PBXFileReference; fileEncoding = 4; lastKnownFileType = sourcecode.swift; path = Test006BaselineLocationSearches.swift; sourceTree = "<group>"; };
		D410B1B821775C3A001A42A4 /* Test007MixedSearches.swift */ = {isa = PBXFileReference; fileEncoding = 4; lastKnownFileType = sourcecode.swift; path = Test007MixedSearches.swift; sourceTree = "<group>"; };
		D415A1C3215BF4AE00FE4991 /* Test003BasicThingListing.swift */ = {isa = PBXFileReference; lastKnownFileType = sourcecode.swift; path = Test003BasicThingListing.swift; sourceTree = "<group>"; };
		D418AF822165242C005FE28A /* Test005BaselineStringSearches.swift */ = {isa = PBXFileReference; fileEncoding = 4; lastKnownFileType = sourcecode.swift; path = Test005BaselineStringSearches.swift; sourceTree = "<group>"; };
		D42432BD2162794100CF3C1F /* Test004BaselineSearches.swift */ = {isa = PBXFileReference; fileEncoding = 4; lastKnownFileType = sourcecode.swift; path = Test004BaselineSearches.swift; sourceTree = "<group>"; };
		D4260D3B2185447F002C5815 /* AUDIO.mp3 */ = {isa = PBXFileReference; lastKnownFileType = audio.mp3; path = AUDIO.mp3; sourceTree = "<group>"; };
		D43CC103214C4EA900548B8E /* A_RVP_Cocoa_SDK_Security_Object.swift */ = {isa = PBXFileReference; fileEncoding = 4; lastKnownFileType = sourcecode.swift; name = A_RVP_Cocoa_SDK_Security_Object.swift; path = Classes/A_RVP_Cocoa_SDK_Security_Object.swift; sourceTree = "<group>"; };
		D43CC104214C4EA900548B8E /* RVP_Cocoa_SDK_User.swift */ = {isa = PBXFileReference; fileEncoding = 4; lastKnownFileType = sourcecode.swift; name = RVP_Cocoa_SDK_User.swift; path = Classes/RVP_Cocoa_SDK_User.swift; sourceTree = "<group>"; };
		D43CC105214C4EA900548B8E /* RVP_Cocoa_SDK_Place.swift */ = {isa = PBXFileReference; fileEncoding = 4; lastKnownFileType = sourcecode.swift; name = RVP_Cocoa_SDK_Place.swift; path = Classes/RVP_Cocoa_SDK_Place.swift; sourceTree = "<group>"; };
		D43CC106214C4EA900548B8E /* A_RVP_Cocoa_SDK_Data_Object.swift */ = {isa = PBXFileReference; fileEncoding = 4; lastKnownFileType = sourcecode.swift; name = A_RVP_Cocoa_SDK_Data_Object.swift; path = Classes/A_RVP_Cocoa_SDK_Data_Object.swift; sourceTree = "<group>"; };
		D43CC107214C4EA900548B8E /* RVP_Cocoa_SDK_Thing.swift */ = {isa = PBXFileReference; fileEncoding = 4; lastKnownFileType = sourcecode.swift; name = RVP_Cocoa_SDK_Thing.swift; path = Classes/RVP_Cocoa_SDK_Thing.swift; sourceTree = "<group>"; };
		D43CC108214C4EA900548B8E /* A_RVP_Cocoa_SDK_Object.swift */ = {isa = PBXFileReference; fileEncoding = 4; lastKnownFileType = sourcecode.swift; name = A_RVP_Cocoa_SDK_Object.swift; path = Classes/A_RVP_Cocoa_SDK_Object.swift; sourceTree = "<group>"; };
		D43CC109214C4EA900548B8E /* RVP_Cocoa_SDK_Login.swift */ = {isa = PBXFileReference; fileEncoding = 4; lastKnownFileType = sourcecode.swift; name = RVP_Cocoa_SDK_Login.swift; path = Classes/RVP_Cocoa_SDK_Login.swift; sourceTree = "<group>"; };
		D43CC11F214C4EB200548B8E /* RVP_Cocoa_SDK_Internal_Utils.swift */ = {isa = PBXFileReference; fileEncoding = 4; lastKnownFileType = sourcecode.swift; name = RVP_Cocoa_SDK_Internal_Utils.swift; path = Classes/RVP_Cocoa_SDK_Internal_Utils.swift; sourceTree = "<group>"; };
		D4420C35217E586A00E46CCF /* RVP_EditElementViewController.swift */ = {isa = PBXFileReference; lastKnownFileType = sourcecode.swift; path = RVP_EditElementViewController.swift; sourceTree = "<group>"; };
		D444087121550797002CCA50 /* RevealServer.framework */ = {isa = PBXFileReference; lastKnownFileType = wrapper.framework; name = RevealServer.framework; path = "Pods/Reveal-SDK/RevealServer-18/iOS/RevealServer.framework"; sourceTree = "<group>"; };
		D462417121853B40001C8D14 /* VIDEO.mp4 */ = {isa = PBXFileReference; lastKnownFileType = file; path = VIDEO.mp4; sourceTree = "<group>"; };
		D462417221853B40001C8D14 /* EPUB.epub */ = {isa = PBXFileReference; lastKnownFileType = file; path = EPUB.epub; sourceTree = "<group>"; };
		D462417321853B40001C8D14 /* TEXT.txt */ = {isa = PBXFileReference; lastKnownFileType = text; path = TEXT.txt; sourceTree = "<group>"; };
		D462417421853B40001C8D14 /* PDF.pdf */ = {isa = PBXFileReference; lastKnownFileType = image.pdf; path = PDF.pdf; sourceTree = "<group>"; };
		D462417521853B40001C8D14 /* IMAGE.jpg */ = {isa = PBXFileReference; lastKnownFileType = image.jpeg; path = IMAGE.jpg; sourceTree = "<group>"; };
		D4687FF32142E4D000293358 /* WhiteDragonSDKTester.swift */ = {isa = PBXFileReference; lastKnownFileType = sourcecode.swift; path = WhiteDragonSDKTester.swift; sourceTree = "<group>"; };
		D477B3FF213EA86B0018AB45 /* Info.plist */ = {isa = PBXFileReference; lastKnownFileType = text.plist.xml; path = Info.plist; sourceTree = "<group>"; };
		D477B404213EA86B0018AB45 /* WhiteDragonTests.xctest */ = {isa = PBXFileReference; explicitFileType = wrapper.cfbundle; includeInIndex = 0; path = WhiteDragonTests.xctest; sourceTree = BUILT_PRODUCTS_DIR; };
		D477B409213EA86B0018AB45 /* white_dragonTests.swift */ = {isa = PBXFileReference; lastKnownFileType = sourcecode.swift; path = white_dragonTests.swift; sourceTree = "<group>"; };
		D477B40B213EA86B0018AB45 /* Info.plist */ = {isa = PBXFileReference; lastKnownFileType = text.plist.xml; path = Info.plist; sourceTree = "<group>"; };
		D4885EE32155216F00DF9862 /* RVP_DisplayResultsScrollView.swift */ = {isa = PBXFileReference; lastKnownFileType = sourcecode.swift; path = RVP_DisplayResultsScrollView.swift; sourceTree = "<group>"; };
		D48CBE6E21638ED8001EF727 /* RVP_ResultListViewController.swift */ = {isa = PBXFileReference; lastKnownFileType = sourcecode.swift; path = RVP_ResultListViewController.swift; sourceTree = "<group>"; };
		D48CBE702163AD0C001EF727 /* TestBaseViewController.swift */ = {isa = PBXFileReference; fileEncoding = 4; lastKnownFileType = sourcecode.swift; path = TestBaseViewController.swift; sourceTree = "<group>"; };
		D48F4A59215669D300597A2C /* RVP_DisplayResultsScreenViewController.swift */ = {isa = PBXFileReference; lastKnownFileType = sourcecode.swift; path = RVP_DisplayResultsScreenViewController.swift; sourceTree = "<group>"; };
		D4A3EFDA215E9A9C0056BBA9 /* RVP_iOS_SDK_Utils.swift */ = {isa = PBXFileReference; fileEncoding = 4; lastKnownFileType = sourcecode.swift; name = RVP_iOS_SDK_Utils.swift; path = WhiteDragon/Classes/RVP_iOS_SDK_Utils.swift; sourceTree = SOURCE_ROOT; };
		D4A5C3422152BA6500159EFF /* TestHarnessUtilities.swift */ = {isa = PBXFileReference; lastKnownFileType = sourcecode.swift; path = TestHarnessUtilities.swift; sourceTree = "<group>"; };
		D4AD1755217DE96100F768A3 /* libWhiteDragon.a */ = {isa = PBXFileReference; explicitFileType = archive.ar; includeInIndex = 0; path = libWhiteDragon.a; sourceTree = BUILT_PRODUCTS_DIR; };
		D4B94830213EEA6200A3560E /* RVP_Cocoa_SDK.swift */ = {isa = PBXFileReference; fileEncoding = 4; lastKnownFileType = sourcecode.swift; name = RVP_Cocoa_SDK.swift; path = Classes/RVP_Cocoa_SDK.swift; sourceTree = "<group>"; };
		D4CA3279215943D900A63DAD /* Test002BasicPlaceListing.swift */ = {isa = PBXFileReference; lastKnownFileType = sourcecode.swift; path = Test002BasicPlaceListing.swift; sourceTree = "<group>"; };
		D4E2685B214302A2002ECE12 /* WhiteDragonTestHarness.app */ = {isa = PBXFileReference; explicitFileType = wrapper.application; includeInIndex = 0; path = WhiteDragonTestHarness.app; sourceTree = BUILT_PRODUCTS_DIR; };
		D4E2685D214302A2002ECE12 /* TestHarnessAppDelegate.swift */ = {isa = PBXFileReference; lastKnownFileType = sourcecode.swift; path = TestHarnessAppDelegate.swift; sourceTree = "<group>"; };
		D4E26862214302A2002ECE12 /* Base */ = {isa = PBXFileReference; lastKnownFileType = file.storyboard; name = Base; path = Base.lproj/Main.storyboard; sourceTree = "<group>"; };
		D4E26864214302A3002ECE12 /* Assets.xcassets */ = {isa = PBXFileReference; lastKnownFileType = folder.assetcatalog; path = Assets.xcassets; sourceTree = "<group>"; };
		D4E26867214302A3002ECE12 /* Base */ = {isa = PBXFileReference; lastKnownFileType = file.storyboard; name = Base; path = Base.lproj/LaunchScreen.storyboard; sourceTree = "<group>"; };
		D4E26869214302A4002ECE12 /* Info.plist */ = {isa = PBXFileReference; lastKnownFileType = text.plist.xml; path = Info.plist; sourceTree = "<group>"; };
		D4E74A812183712D00B1FB6C /* RVP_DisplayPayloadView.swift */ = {isa = PBXFileReference; lastKnownFileType = sourcecode.swift; path = RVP_DisplayPayloadView.swift; sourceTree = "<group>"; };
		D4E74A83218373E400B1FB6C /* RVP_DisplayResultsBaseScreenViewController.swift */ = {isa = PBXFileReference; fileEncoding = 4; lastKnownFileType = sourcecode.swift; path = RVP_DisplayResultsBaseScreenViewController.swift; sourceTree = "<group>"; };
		D4FC297C21514BFB008271E4 /* Test001BasicUserListing.swift */ = {isa = PBXFileReference; lastKnownFileType = sourcecode.swift; path = Test001BasicUserListing.swift; sourceTree = "<group>"; };
		D4FF8B6421542E9F0051A0B8 /* RVP_DisplayElementView.swift */ = {isa = PBXFileReference; lastKnownFileType = sourcecode.swift; path = RVP_DisplayElementView.swift; sourceTree = "<group>"; };
/* End PBXFileReference section */

/* Begin PBXFrameworksBuildPhase section */
		D433255A21616C6F008044F4 /* Frameworks */ = {
			isa = PBXFrameworksBuildPhase;
			buildActionMask = 2147483647;
			files = (
				D4AD1769217DE9FE00F768A3 /* libWhiteDragon.a in Frameworks */,
			);
			runOnlyForDeploymentPostprocessing = 0;
		};
		D477B401213EA86B0018AB45 /* Frameworks */ = {
			isa = PBXFrameworksBuildPhase;
			buildActionMask = 2147483647;
			files = (
				D4AD176C217DEB1400F768A3 /* libWhiteDragon.a in Frameworks */,
			);
			runOnlyForDeploymentPostprocessing = 0;
		};
		D4AD1752217DE96100F768A3 /* Frameworks */ = {
			isa = PBXFrameworksBuildPhase;
			buildActionMask = 2147483647;
			files = (
			);
			runOnlyForDeploymentPostprocessing = 0;
		};
/* End PBXFrameworksBuildPhase section */

/* Begin PBXGroup section */
		1B167A77A521F6F73C1DD02D /* Pods */ = {
			isa = PBXGroup;
			children = (
				476F28DD70EAC9B58B112A82 /* Pods-WhiteDragon.debug.xcconfig */,
				46806188771D045885288B30 /* Pods-WhiteDragon.release.xcconfig */,
				52AF89BB14A3FA819E96EF06 /* Pods-WhiteDragonTestHarness.debug.xcconfig */,
				6EE849B2D59254BD44D1DD0E /* Pods-WhiteDragonTestHarness.release.xcconfig */,
			);
			name = Pods;
			sourceTree = "<group>";
		};
		D462417021853B40001C8D14 /* media */ = {
			isa = PBXGroup;
			children = (
				D4260D3B2185447F002C5815 /* AUDIO.mp3 */,
				D462417121853B40001C8D14 /* VIDEO.mp4 */,
				D462417221853B40001C8D14 /* EPUB.epub */,
				D462417321853B40001C8D14 /* TEXT.txt */,
				D462417421853B40001C8D14 /* PDF.pdf */,
				D462417521853B40001C8D14 /* IMAGE.jpg */,
			);
			path = media;
			sourceTree = "<group>";
		};
		D477B3F1213EA86B0018AB45 = {
			isa = PBXGroup;
			children = (
				D477B3FD213EA86B0018AB45 /* WhiteDragon */,
				D477B408213EA86B0018AB45 /* WhiteDragonTests */,
				D4E2685C214302A2002ECE12 /* WhiteDragonTestHarness */,
				D477B3FC213EA86B0018AB45 /* Products */,
				1B167A77A521F6F73C1DD02D /* Pods */,
				E3C5D3B5C8389DED8CDB8D36 /* Frameworks */,
			);
			sourceTree = "<group>";
		};
		D477B3FC213EA86B0018AB45 /* Products */ = {
			isa = PBXGroup;
			children = (
				D477B404213EA86B0018AB45 /* WhiteDragonTests.xctest */,
				D4E2685B214302A2002ECE12 /* WhiteDragonTestHarness.app */,
				D4AD1755217DE96100F768A3 /* libWhiteDragon.a */,
			);
			name = Products;
			sourceTree = "<group>";
		};
		D477B3FD213EA86B0018AB45 /* WhiteDragon */ = {
			isa = PBXGroup;
			children = (
				D4B94830213EEA6200A3560E /* RVP_Cocoa_SDK.swift */,
				D480767F2146B64000ACC0FE /* Instances */,
				D48076812146B68000ACC0FE /* Extra */,
				D48076802146B66A00ACC0FE /* Miscellaneous */,
			);
			path = WhiteDragon;
			sourceTree = "<group>";
		};
		D477B408213EA86B0018AB45 /* WhiteDragonTests */ = {
			isa = PBXGroup;
			children = (
				D4687FF32142E4D000293358 /* WhiteDragonSDKTester.swift */,
				D477B409213EA86B0018AB45 /* white_dragonTests.swift */,
				D477B40B213EA86B0018AB45 /* Info.plist */,
			);
			path = WhiteDragonTests;
			sourceTree = "<group>";
		};
		D480767F2146B64000ACC0FE /* Instances */ = {
			isa = PBXGroup;
			children = (
				D43CC106214C4EA900548B8E /* A_RVP_Cocoa_SDK_Data_Object.swift */,
				D43CC108214C4EA900548B8E /* A_RVP_Cocoa_SDK_Object.swift */,
				D43CC103214C4EA900548B8E /* A_RVP_Cocoa_SDK_Security_Object.swift */,
				D43CC109214C4EA900548B8E /* RVP_Cocoa_SDK_Login.swift */,
				D43CC105214C4EA900548B8E /* RVP_Cocoa_SDK_Place.swift */,
				D43CC107214C4EA900548B8E /* RVP_Cocoa_SDK_Thing.swift */,
				D43CC104214C4EA900548B8E /* RVP_Cocoa_SDK_User.swift */,
			);
			name = Instances;
			sourceTree = "<group>";
		};
		D48076802146B66A00ACC0FE /* Miscellaneous */ = {
			isa = PBXGroup;
			children = (
				D477B3FF213EA86B0018AB45 /* Info.plist */,
			);
			path = Miscellaneous;
			sourceTree = "<group>";
		};
		D48076812146B68000ACC0FE /* Extra */ = {
			isa = PBXGroup;
			children = (
				D43CC11F214C4EB200548B8E /* RVP_Cocoa_SDK_Internal_Utils.swift */,
				D4A3EFDA215E9A9C0056BBA9 /* RVP_iOS_SDK_Utils.swift */,
			);
			name = Extra;
			sourceTree = "<group>";
		};
		D4C64B842150531F000ADD52 /* App Files */ = {
			isa = PBXGroup;
			children = (
				D4420C35217E586A00E46CCF /* RVP_EditElementViewController.swift */,
				D48CBE6E21638ED8001EF727 /* RVP_ResultListViewController.swift */,
				D4E74A83218373E400B1FB6C /* RVP_DisplayResultsBaseScreenViewController.swift */,
				D48F4A59215669D300597A2C /* RVP_DisplayResultsScreenViewController.swift */,
				D4FF8B6421542E9F0051A0B8 /* RVP_DisplayElementView.swift */,
				D4E74A812183712D00B1FB6C /* RVP_DisplayPayloadView.swift */,
				D4885EE32155216F00DF9862 /* RVP_DisplayResultsScrollView.swift */,
				D4E2685D214302A2002ECE12 /* TestHarnessAppDelegate.swift */,
				D4A5C3422152BA6500159EFF /* TestHarnessUtilities.swift */,
				D4E26861214302A2002ECE12 /* Main.storyboard */,
				D4E26866214302A3002ECE12 /* LaunchScreen.storyboard */,
				D4E26864214302A3002ECE12 /* Assets.xcassets */,
				D462417021853B40001C8D14 /* media */,
				D4E26869214302A4002ECE12 /* Info.plist */,
			);
			name = "App Files";
			sourceTree = "<group>";
		};
		D4C64B8521505342000ADD52 /* Test Files */ = {
			isa = PBXGroup;
			children = (
				D48CBE702163AD0C001EF727 /* TestBaseViewController.swift */,
				D4FC297C21514BFB008271E4 /* Test001BasicUserListing.swift */,
				D4CA3279215943D900A63DAD /* Test002BasicPlaceListing.swift */,
				D415A1C3215BF4AE00FE4991 /* Test003BasicThingListing.swift */,
				D42432BD2162794100CF3C1F /* Test004BaselineSearches.swift */,
				D418AF822165242C005FE28A /* Test005BaselineStringSearches.swift */,
				D403CC1521653A5700FB6315 /* Test006BaselineLocationSearches.swift */,
				D410B1B821775C3A001A42A4 /* Test007MixedSearches.swift */,
			);
			name = "Test Files";
			sourceTree = "<group>";
		};
		D4E2685C214302A2002ECE12 /* WhiteDragonTestHarness */ = {
			isa = PBXGroup;
			children = (
				D4C64B8521505342000ADD52 /* Test Files */,
				D4C64B842150531F000ADD52 /* App Files */,
			);
			path = WhiteDragonTestHarness;
			sourceTree = "<group>";
		};
		E3C5D3B5C8389DED8CDB8D36 /* Frameworks */ = {
			isa = PBXGroup;
			children = (
				D444087121550797002CCA50 /* RevealServer.framework */,
			);
			name = Frameworks;
			sourceTree = "<group>";
		};
/* End PBXGroup section */

/* Begin PBXNativeTarget section */
		D477B403213EA86B0018AB45 /* WhiteDragonTests */ = {
			isa = PBXNativeTarget;
			buildConfigurationList = D477B412213EA86B0018AB45 /* Build configuration list for PBXNativeTarget "WhiteDragonTests" */;
			buildPhases = (
				D477B400213EA86B0018AB45 /* Sources */,
				D477B401213EA86B0018AB45 /* Frameworks */,
				D477B402213EA86B0018AB45 /* Resources */,
			);
			buildRules = (
			);
			dependencies = (
				D4AD176B217DEB0B00F768A3 /* PBXTargetDependency */,
			);
			name = WhiteDragonTests;
			productName = "white-dragonTests";
			productReference = D477B404213EA86B0018AB45 /* WhiteDragonTests.xctest */;
			productType = "com.apple.product-type.bundle.unit-test";
		};
		D4AD1754217DE96100F768A3 /* WhiteDragon */ = {
			isa = PBXNativeTarget;
			buildConfigurationList = D4AD175B217DE96100F768A3 /* Build configuration list for PBXNativeTarget "WhiteDragon" */;
			buildPhases = (
				D4AD1766217DE99900F768A3 /* SwiftLINT */,
				D4AD1751217DE96100F768A3 /* Sources */,
				D4AD1752217DE96100F768A3 /* Frameworks */,
				D4AD1753217DE96100F768A3 /* CopyFiles */,
			);
			buildRules = (
			);
			dependencies = (
			);
			name = WhiteDragon;
			productName = WhiteDragonSDK;
			productReference = D4AD1755217DE96100F768A3 /* libWhiteDragon.a */;
			productType = "com.apple.product-type.library.static";
		};
		D4E2685A214302A2002ECE12 /* WhiteDragonTestHarness */ = {
			isa = PBXNativeTarget;
			buildConfigurationList = D4E2686C214302A4002ECE12 /* Build configuration list for PBXNativeTarget "WhiteDragonTestHarness" */;
			buildPhases = (
				91577B90DA393B11D12BD51F /* [CP] Check Pods Manifest.lock */,
				D41FAD0A214A9B0800194B95 /* SwiftLINT */,
				D4E26857214302A2002ECE12 /* Sources */,
				D4E26859214302A2002ECE12 /* Resources */,
				D433255A21616C6F008044F4 /* Frameworks */,
				EAF8F3A132FDE1CDCC332764 /* [CP] Embed Pods Frameworks */,
			);
			buildRules = (
			);
			dependencies = (
				D4AD1768217DE9D400F768A3 /* PBXTargetDependency */,
			);
			name = WhiteDragonTestHarness;
			productName = WhiteDragonTestHarness;
			productReference = D4E2685B214302A2002ECE12 /* WhiteDragonTestHarness.app */;
			productType = "com.apple.product-type.application";
		};
/* End PBXNativeTarget section */

/* Begin PBXProject section */
		D477B3F2213EA86B0018AB45 /* Project object */ = {
			isa = PBXProject;
			attributes = {
				CLASSPREFIX = RVP_;
				LastSwiftUpdateCheck = 1000;
				LastUpgradeCheck = 1000;
				ORGANIZATIONNAME = "Little Green Viper Software Development LLC";
				TargetAttributes = {
					D477B403213EA86B0018AB45 = {
						CreatedOnToolsVersion = 10.0;
					};
					D4AD1754217DE96100F768A3 = {
						CreatedOnToolsVersion = 10.0;
					};
					D4E2685A214302A2002ECE12 = {
						CreatedOnToolsVersion = 10.0;
					};
				};
			};
			buildConfigurationList = D477B3F5213EA86B0018AB45 /* Build configuration list for PBXProject "WhiteDragon" */;
			compatibilityVersion = "Xcode 10.0";
			developmentRegion = en;
			hasScannedForEncodings = 0;
			knownRegions = (
				en,
				Base,
			);
			mainGroup = D477B3F1213EA86B0018AB45;
			productRefGroup = D477B3FC213EA86B0018AB45 /* Products */;
			projectDirPath = "";
			projectRoot = "";
			targets = (
				D4AD1754217DE96100F768A3 /* WhiteDragon */,
				D477B403213EA86B0018AB45 /* WhiteDragonTests */,
				D4E2685A214302A2002ECE12 /* WhiteDragonTestHarness */,
			);
		};
/* End PBXProject section */

/* Begin PBXResourcesBuildPhase section */
		D477B402213EA86B0018AB45 /* Resources */ = {
			isa = PBXResourcesBuildPhase;
			buildActionMask = 2147483647;
			files = (
			);
			runOnlyForDeploymentPostprocessing = 0;
		};
		D4E26859214302A2002ECE12 /* Resources */ = {
			isa = PBXResourcesBuildPhase;
			buildActionMask = 2147483647;
			files = (
				D4260D3D218544BD002C5815 /* AUDIO.mp3 in Resources */,
				D462417621853B73001C8D14 /* VIDEO.mp4 in Resources */,
				D462417721853B73001C8D14 /* EPUB.epub in Resources */,
				D462417821853B73001C8D14 /* TEXT.txt in Resources */,
				D462417921853B73001C8D14 /* PDF.pdf in Resources */,
				D462417A21853B73001C8D14 /* IMAGE.jpg in Resources */,
				D4E26868214302A4002ECE12 /* LaunchScreen.storyboard in Resources */,
				D4E26865214302A3002ECE12 /* Assets.xcassets in Resources */,
				D4E26863214302A2002ECE12 /* Main.storyboard in Resources */,
			);
			runOnlyForDeploymentPostprocessing = 0;
		};
/* End PBXResourcesBuildPhase section */

/* Begin PBXShellScriptBuildPhase section */
		91577B90DA393B11D12BD51F /* [CP] Check Pods Manifest.lock */ = {
			isa = PBXShellScriptBuildPhase;
			buildActionMask = 2147483647;
			files = (
			);
			inputFileListPaths = (
			);
			inputPaths = (
				"${PODS_PODFILE_DIR_PATH}/Podfile.lock",
				"${PODS_ROOT}/Manifest.lock",
			);
			name = "[CP] Check Pods Manifest.lock";
			outputFileListPaths = (
			);
			outputPaths = (
				"$(DERIVED_FILE_DIR)/Pods-WhiteDragonTestHarness-checkManifestLockResult.txt",
			);
			runOnlyForDeploymentPostprocessing = 0;
			shellPath = /bin/sh;
			shellScript = "diff \"${PODS_PODFILE_DIR_PATH}/Podfile.lock\" \"${PODS_ROOT}/Manifest.lock\" > /dev/null\nif [ $? != 0 ] ; then\n    # print error to STDERR\n    echo \"error: The sandbox is not in sync with the Podfile.lock. Run 'pod install' or update your CocoaPods installation.\" >&2\n    exit 1\nfi\n# This output is used by Xcode 'outputs' to avoid re-running this script phase.\necho \"SUCCESS\" > \"${SCRIPT_OUTPUT_FILE_0}\"\n";
			showEnvVarsInLog = 0;
		};
		D41FAD0A214A9B0800194B95 /* SwiftLINT */ = {
			isa = PBXShellScriptBuildPhase;
			buildActionMask = 2147483647;
			files = (
			);
			inputFileListPaths = (
			);
			inputPaths = (
			);
			name = SwiftLINT;
			outputFileListPaths = (
			);
			outputPaths = (
			);
			runOnlyForDeploymentPostprocessing = 0;
			shellPath = /bin/sh;
			shellScript = "\"${PROJECT_DIR}/Pods/SwiftLint/swiftlint\"\n";
		};
		D4AD1766217DE99900F768A3 /* SwiftLINT */ = {
			isa = PBXShellScriptBuildPhase;
			buildActionMask = 2147483647;
			files = (
			);
			inputFileListPaths = (
			);
			inputPaths = (
			);
			name = SwiftLINT;
			outputFileListPaths = (
			);
			outputPaths = (
			);
			runOnlyForDeploymentPostprocessing = 0;
			shellPath = /bin/sh;
			shellScript = "\"${PROJECT_DIR}/Pods/SwiftLint/swiftlint\"\n";
		};
		EAF8F3A132FDE1CDCC332764 /* [CP] Embed Pods Frameworks */ = {
			isa = PBXShellScriptBuildPhase;
			buildActionMask = 2147483647;
			files = (
			);
			inputFileListPaths = (
			);
			inputPaths = (
				"${SRCROOT}/Pods/Target Support Files/Pods-WhiteDragonTestHarness/Pods-WhiteDragonTestHarness-frameworks.sh",
				"${PODS_ROOT}/Reveal-SDK/RevealServer-18/iOS/RevealServer.framework",
			);
			name = "[CP] Embed Pods Frameworks";
			outputFileListPaths = (
			);
			outputPaths = (
				"${TARGET_BUILD_DIR}/${FRAMEWORKS_FOLDER_PATH}/RevealServer.framework",
			);
			runOnlyForDeploymentPostprocessing = 0;
			shellPath = /bin/sh;
			shellScript = "\"${SRCROOT}/Pods/Target Support Files/Pods-WhiteDragonTestHarness/Pods-WhiteDragonTestHarness-frameworks.sh\"\n";
			showEnvVarsInLog = 0;
		};
/* End PBXShellScriptBuildPhase section */

/* Begin PBXSourcesBuildPhase section */
		D477B400213EA86B0018AB45 /* Sources */ = {
			isa = PBXSourcesBuildPhase;
			buildActionMask = 2147483647;
			files = (
				D4687FF42142E4D000293358 /* WhiteDragonSDKTester.swift in Sources */,
				D4A3EFDD215E9B4E0056BBA9 /* RVP_iOS_SDK_Utils.swift in Sources */,
				D477B40A213EA86B0018AB45 /* white_dragonTests.swift in Sources */,
			);
			runOnlyForDeploymentPostprocessing = 0;
		};
		D4AD1751217DE96100F768A3 /* Sources */ = {
			isa = PBXSourcesBuildPhase;
			buildActionMask = 2147483647;
			files = (
				D4AD175F217DE97A00F768A3 /* A_RVP_Cocoa_SDK_Security_Object.swift in Sources */,
				D4AD1761217DE97A00F768A3 /* RVP_Cocoa_SDK_Place.swift in Sources */,
				D4AD1764217DE97A00F768A3 /* RVP_Cocoa_SDK_Internal_Utils.swift in Sources */,
				D4AD1762217DE97A00F768A3 /* RVP_Cocoa_SDK_Thing.swift in Sources */,
				D4AD175D217DE97A00F768A3 /* A_RVP_Cocoa_SDK_Data_Object.swift in Sources */,
				D4AD175E217DE97A00F768A3 /* A_RVP_Cocoa_SDK_Object.swift in Sources */,
				D4AD175C217DE96E00F768A3 /* RVP_Cocoa_SDK.swift in Sources */,
				D4AD1763217DE97A00F768A3 /* RVP_Cocoa_SDK_User.swift in Sources */,
				D4AD1760217DE97A00F768A3 /* RVP_Cocoa_SDK_Login.swift in Sources */,
			);
			runOnlyForDeploymentPostprocessing = 0;
		};
		D4E26857214302A2002ECE12 /* Sources */ = {
			isa = PBXSourcesBuildPhase;
			buildActionMask = 2147483647;
			files = (
				D4420C36217E586A00E46CCF /* RVP_EditElementViewController.swift in Sources */,
				D4E74A84218373E400B1FB6C /* RVP_DisplayResultsBaseScreenViewController.swift in Sources */,
				D403CC1621653A5700FB6315 /* Test006BaselineLocationSearches.swift in Sources */,
				D410B1B921775C3A001A42A4 /* Test007MixedSearches.swift in Sources */,
				D4E74A822183712D00B1FB6C /* RVP_DisplayPayloadView.swift in Sources */,
				D48CBE712163AD0C001EF727 /* TestBaseViewController.swift in Sources */,
				D4FF8B6521542E9F0051A0B8 /* RVP_DisplayElementView.swift in Sources */,
				D48CBE6F21638ED8001EF727 /* RVP_ResultListViewController.swift in Sources */,
				D42432BE2162794100CF3C1F /* Test004BaselineSearches.swift in Sources */,
				D4FC297D21514BFB008271E4 /* Test001BasicUserListing.swift in Sources */,
				D4CA327A215943D900A63DAD /* Test002BasicPlaceListing.swift in Sources */,
				D4885EE42155216F00DF9862 /* RVP_DisplayResultsScrollView.swift in Sources */,
				D48F4A5A215669D300597A2C /* RVP_DisplayResultsScreenViewController.swift in Sources */,
				D4420C32217DF66D00E46CCF /* WhiteDragonSDKTester.swift in Sources */,
				D4A3EFDB215E9A9C0056BBA9 /* RVP_iOS_SDK_Utils.swift in Sources */,
				D418AF832165242D005FE28A /* Test005BaselineStringSearches.swift in Sources */,
				D4E2685E214302A2002ECE12 /* TestHarnessAppDelegate.swift in Sources */,
				D4A5C3432152BA6500159EFF /* TestHarnessUtilities.swift in Sources */,
				D415A1C4215BF4AE00FE4991 /* Test003BasicThingListing.swift in Sources */,
			);
			runOnlyForDeploymentPostprocessing = 0;
		};
/* End PBXSourcesBuildPhase section */

/* Begin PBXTargetDependency section */
		D4AD1768217DE9D400F768A3 /* PBXTargetDependency */ = {
			isa = PBXTargetDependency;
			target = D4AD1754217DE96100F768A3 /* WhiteDragon */;
			targetProxy = D4AD1767217DE9D400F768A3 /* PBXContainerItemProxy */;
		};
		D4AD176B217DEB0B00F768A3 /* PBXTargetDependency */ = {
			isa = PBXTargetDependency;
			target = D4AD1754217DE96100F768A3 /* WhiteDragon */;
			targetProxy = D4AD176A217DEB0B00F768A3 /* PBXContainerItemProxy */;
		};
/* End PBXTargetDependency section */

/* Begin PBXVariantGroup section */
		D4E26861214302A2002ECE12 /* Main.storyboard */ = {
			isa = PBXVariantGroup;
			children = (
				D4E26862214302A2002ECE12 /* Base */,
			);
			name = Main.storyboard;
			sourceTree = "<group>";
		};
		D4E26866214302A3002ECE12 /* LaunchScreen.storyboard */ = {
			isa = PBXVariantGroup;
			children = (
				D4E26867214302A3002ECE12 /* Base */,
			);
			name = LaunchScreen.storyboard;
			sourceTree = "<group>";
		};
/* End PBXVariantGroup section */

/* Begin XCBuildConfiguration section */
		D477B40D213EA86B0018AB45 /* Debug */ = {
			isa = XCBuildConfiguration;
			buildSettings = {
				ALWAYS_SEARCH_USER_PATHS = NO;
				CLANG_ANALYZER_NONNULL = YES;
				CLANG_ANALYZER_NUMBER_OBJECT_CONVERSION = YES_AGGRESSIVE;
				CLANG_CXX_LANGUAGE_STANDARD = "gnu++14";
				CLANG_CXX_LIBRARY = "libc++";
				CLANG_ENABLE_MODULES = YES;
				CLANG_ENABLE_OBJC_ARC = YES;
				CLANG_ENABLE_OBJC_WEAK = YES;
				CLANG_WARN_BLOCK_CAPTURE_AUTORELEASING = YES;
				CLANG_WARN_BOOL_CONVERSION = YES;
				CLANG_WARN_COMMA = YES;
				CLANG_WARN_CONSTANT_CONVERSION = YES;
				CLANG_WARN_DEPRECATED_OBJC_IMPLEMENTATIONS = YES;
				CLANG_WARN_DIRECT_OBJC_ISA_USAGE = YES_ERROR;
				CLANG_WARN_DOCUMENTATION_COMMENTS = YES;
				CLANG_WARN_EMPTY_BODY = YES;
				CLANG_WARN_ENUM_CONVERSION = YES;
				CLANG_WARN_INFINITE_RECURSION = YES;
				CLANG_WARN_INT_CONVERSION = YES;
				CLANG_WARN_NON_LITERAL_NULL_CONVERSION = YES;
				CLANG_WARN_OBJC_IMPLICIT_RETAIN_SELF = YES;
				CLANG_WARN_OBJC_LITERAL_CONVERSION = YES;
				CLANG_WARN_OBJC_ROOT_CLASS = YES_ERROR;
				CLANG_WARN_RANGE_LOOP_ANALYSIS = YES;
				CLANG_WARN_STRICT_PROTOTYPES = YES;
				CLANG_WARN_SUSPICIOUS_MOVE = YES;
				CLANG_WARN_UNGUARDED_AVAILABILITY = YES_AGGRESSIVE;
				CLANG_WARN_UNREACHABLE_CODE = YES;
				CLANG_WARN__DUPLICATE_METHOD_MATCH = YES;
				CODE_SIGN_IDENTITY = "iPhone Developer";
				COPY_PHASE_STRIP = NO;
				CURRENT_PROJECT_VERSION = 1;
				DEBUG_INFORMATION_FORMAT = dwarf;
				ENABLE_STRICT_OBJC_MSGSEND = YES;
				ENABLE_TESTABILITY = YES;
				GCC_C_LANGUAGE_STANDARD = gnu11;
				GCC_DYNAMIC_NO_PIC = NO;
				GCC_NO_COMMON_BLOCKS = YES;
				GCC_OPTIMIZATION_LEVEL = 0;
				GCC_PREPROCESSOR_DEFINITIONS = (
					"DEBUG=1",
					"$(inherited)",
				);
				GCC_WARN_64_TO_32_BIT_CONVERSION = YES;
				GCC_WARN_ABOUT_RETURN_TYPE = YES_ERROR;
				GCC_WARN_UNDECLARED_SELECTOR = YES;
				GCC_WARN_UNINITIALIZED_AUTOS = YES_AGGRESSIVE;
				GCC_WARN_UNUSED_FUNCTION = YES;
				GCC_WARN_UNUSED_VARIABLE = YES;
				IPHONEOS_DEPLOYMENT_TARGET = 11.0;
				MTL_ENABLE_DEBUG_INFO = INCLUDE_SOURCE;
				MTL_FAST_MATH = YES;
				ONLY_ACTIVE_ARCH = YES;
				SDKROOT = iphoneos;
				SWIFT_ACTIVE_COMPILATION_CONDITIONS = DEBUG;
				SWIFT_OPTIMIZATION_LEVEL = "-Onone";
				VERSIONING_SYSTEM = "apple-generic";
				VERSION_INFO_PREFIX = "";
			};
			name = Debug;
		};
		D477B40E213EA86B0018AB45 /* Release */ = {
			isa = XCBuildConfiguration;
			buildSettings = {
				ALWAYS_SEARCH_USER_PATHS = NO;
				CLANG_ANALYZER_NONNULL = YES;
				CLANG_ANALYZER_NUMBER_OBJECT_CONVERSION = YES_AGGRESSIVE;
				CLANG_CXX_LANGUAGE_STANDARD = "gnu++14";
				CLANG_CXX_LIBRARY = "libc++";
				CLANG_ENABLE_MODULES = YES;
				CLANG_ENABLE_OBJC_ARC = YES;
				CLANG_ENABLE_OBJC_WEAK = YES;
				CLANG_WARN_BLOCK_CAPTURE_AUTORELEASING = YES;
				CLANG_WARN_BOOL_CONVERSION = YES;
				CLANG_WARN_COMMA = YES;
				CLANG_WARN_CONSTANT_CONVERSION = YES;
				CLANG_WARN_DEPRECATED_OBJC_IMPLEMENTATIONS = YES;
				CLANG_WARN_DIRECT_OBJC_ISA_USAGE = YES_ERROR;
				CLANG_WARN_DOCUMENTATION_COMMENTS = YES;
				CLANG_WARN_EMPTY_BODY = YES;
				CLANG_WARN_ENUM_CONVERSION = YES;
				CLANG_WARN_INFINITE_RECURSION = YES;
				CLANG_WARN_INT_CONVERSION = YES;
				CLANG_WARN_NON_LITERAL_NULL_CONVERSION = YES;
				CLANG_WARN_OBJC_IMPLICIT_RETAIN_SELF = YES;
				CLANG_WARN_OBJC_LITERAL_CONVERSION = YES;
				CLANG_WARN_OBJC_ROOT_CLASS = YES_ERROR;
				CLANG_WARN_RANGE_LOOP_ANALYSIS = YES;
				CLANG_WARN_STRICT_PROTOTYPES = YES;
				CLANG_WARN_SUSPICIOUS_MOVE = YES;
				CLANG_WARN_UNGUARDED_AVAILABILITY = YES_AGGRESSIVE;
				CLANG_WARN_UNREACHABLE_CODE = YES;
				CLANG_WARN__DUPLICATE_METHOD_MATCH = YES;
				CODE_SIGN_IDENTITY = "iPhone Developer";
				COPY_PHASE_STRIP = NO;
				CURRENT_PROJECT_VERSION = 1;
				DEBUG_INFORMATION_FORMAT = "dwarf-with-dsym";
				ENABLE_NS_ASSERTIONS = NO;
				ENABLE_STRICT_OBJC_MSGSEND = YES;
				GCC_C_LANGUAGE_STANDARD = gnu11;
				GCC_NO_COMMON_BLOCKS = YES;
				GCC_WARN_64_TO_32_BIT_CONVERSION = YES;
				GCC_WARN_ABOUT_RETURN_TYPE = YES_ERROR;
				GCC_WARN_UNDECLARED_SELECTOR = YES;
				GCC_WARN_UNINITIALIZED_AUTOS = YES_AGGRESSIVE;
				GCC_WARN_UNUSED_FUNCTION = YES;
				GCC_WARN_UNUSED_VARIABLE = YES;
				IPHONEOS_DEPLOYMENT_TARGET = 11.0;
				MTL_ENABLE_DEBUG_INFO = NO;
				MTL_FAST_MATH = YES;
				SDKROOT = iphoneos;
				SWIFT_COMPILATION_MODE = wholemodule;
				SWIFT_OPTIMIZATION_LEVEL = "-O";
				VALIDATE_PRODUCT = YES;
				VERSIONING_SYSTEM = "apple-generic";
				VERSION_INFO_PREFIX = "";
			};
			name = Release;
		};
		D477B413213EA86B0018AB45 /* Debug */ = {
			isa = XCBuildConfiguration;
			buildSettings = {
				ALWAYS_EMBED_SWIFT_STANDARD_LIBRARIES = YES;
				CODE_SIGN_STYLE = Automatic;
				DEVELOPMENT_TEAM = P53V4JS928;
				INFOPLIST_FILE = WhiteDragonTests/Info.plist;
				LD_RUNPATH_SEARCH_PATHS = (
					"$(inherited)",
					"@executable_path/Frameworks",
					"@loader_path/Frameworks",
				);
				PRODUCT_BUNDLE_IDENTIFIER = "com.littlegreenviper.white-dragonTests";
				PRODUCT_NAME = "$(TARGET_NAME)";
				SWIFT_VERSION = 4.2;
				TARGETED_DEVICE_FAMILY = "1,2";
			};
			name = Debug;
		};
		D477B414213EA86B0018AB45 /* Release */ = {
			isa = XCBuildConfiguration;
			buildSettings = {
				ALWAYS_EMBED_SWIFT_STANDARD_LIBRARIES = YES;
				CODE_SIGN_STYLE = Automatic;
				DEVELOPMENT_TEAM = P53V4JS928;
				INFOPLIST_FILE = WhiteDragonTests/Info.plist;
				LD_RUNPATH_SEARCH_PATHS = (
					"$(inherited)",
					"@executable_path/Frameworks",
					"@loader_path/Frameworks",
				);
				PRODUCT_BUNDLE_IDENTIFIER = "com.littlegreenviper.white-dragonTests";
				PRODUCT_NAME = "$(TARGET_NAME)";
				SWIFT_VERSION = 4.2;
				TARGETED_DEVICE_FAMILY = "1,2";
			};
			name = Release;
		};
		D4AD1759217DE96100F768A3 /* Debug */ = {
			isa = XCBuildConfiguration;
			buildSettings = {
				CODE_SIGN_STYLE = Automatic;
				DEVELOPMENT_TEAM = P53V4JS928;
				GCC_TREAT_INCOMPATIBLE_POINTER_TYPE_WARNINGS_AS_ERRORS = YES;
				GCC_TREAT_WARNINGS_AS_ERRORS = YES;
				IPHONEOS_DEPLOYMENT_TARGET = 11.0;
				OTHER_LDFLAGS = "-ObjC";
				PRODUCT_NAME = "$(TARGET_NAME)";
				SKIP_INSTALL = YES;
				SWIFT_TREAT_WARNINGS_AS_ERRORS = YES;
				SWIFT_VERSION = 4.2;
				TARGETED_DEVICE_FAMILY = "1,2";
			};
			name = Debug;
		};
		D4AD175A217DE96100F768A3 /* Release */ = {
			isa = XCBuildConfiguration;
			buildSettings = {
				CODE_SIGN_STYLE = Automatic;
				DEVELOPMENT_TEAM = P53V4JS928;
				GCC_TREAT_INCOMPATIBLE_POINTER_TYPE_WARNINGS_AS_ERRORS = YES;
				GCC_TREAT_WARNINGS_AS_ERRORS = YES;
				IPHONEOS_DEPLOYMENT_TARGET = 11.0;
				OTHER_LDFLAGS = "-ObjC";
				PRODUCT_NAME = "$(TARGET_NAME)";
				SKIP_INSTALL = YES;
				SWIFT_TREAT_WARNINGS_AS_ERRORS = YES;
				SWIFT_VERSION = 4.2;
				TARGETED_DEVICE_FAMILY = "1,2";
			};
			name = Release;
		};
		D4E2686A214302A4002ECE12 /* Debug */ = {
			isa = XCBuildConfiguration;
			baseConfigurationReference = 52AF89BB14A3FA819E96EF06 /* Pods-WhiteDragonTestHarness.debug.xcconfig */;
			buildSettings = {
				ASSETCATALOG_COMPILER_APPICON_NAME = AppIcon;
				CODE_SIGN_IDENTITY = "iPhone Developer";
				CODE_SIGN_STYLE = Automatic;
				DEVELOPMENT_TEAM = P53V4JS928;
				EMBED_ASSET_PACKS_IN_PRODUCT_BUNDLE = YES;
				FRAMEWORK_SEARCH_PATHS = (
					"$(inherited)",
					"$(PROJECT_DIR)/Pods/Reveal-SDK/RevealServer-18/iOS",
				);
				INFOPLIST_FILE = WhiteDragonTestHarness/Info.plist;
				IPHONEOS_DEPLOYMENT_TARGET = 11.0;
				LD_RUNPATH_SEARCH_PATHS = (
					"$(inherited)",
					"@executable_path/Frameworks",
				);
				PRODUCT_BUNDLE_IDENTIFIER = org.magshare.BMLTQB;
				PRODUCT_NAME = "$(TARGET_NAME)";
				PROVISIONING_PROFILE_SPECIFIER = "";
				SWIFT_VERSION = 4.2;
				TARGETED_DEVICE_FAMILY = "1,2";
			};
			name = Debug;
		};
		D4E2686B214302A4002ECE12 /* Release */ = {
			isa = XCBuildConfiguration;
			baseConfigurationReference = 6EE849B2D59254BD44D1DD0E /* Pods-WhiteDragonTestHarness.release.xcconfig */;
			buildSettings = {
				ASSETCATALOG_COMPILER_APPICON_NAME = AppIcon;
				CODE_SIGN_IDENTITY = "iPhone Developer";
				CODE_SIGN_STYLE = Automatic;
				DEVELOPMENT_TEAM = P53V4JS928;
				EMBED_ASSET_PACKS_IN_PRODUCT_BUNDLE = YES;
				FRAMEWORK_SEARCH_PATHS = (
					"$(inherited)",
					"$(PROJECT_DIR)/Pods/Reveal-SDK/RevealServer-18/iOS",
				);
				INFOPLIST_FILE = WhiteDragonTestHarness/Info.plist;
				IPHONEOS_DEPLOYMENT_TARGET = 11.0;
				LD_RUNPATH_SEARCH_PATHS = (
					"$(inherited)",
					"@executable_path/Frameworks",
				);
				PRODUCT_BUNDLE_IDENTIFIER = org.magshare.BMLTQB;
				PRODUCT_NAME = "$(TARGET_NAME)";
				PROVISIONING_PROFILE_SPECIFIER = "";
				SWIFT_VERSION = 4.2;
				TARGETED_DEVICE_FAMILY = "1,2";
			};
			name = Release;
		};
/* End XCBuildConfiguration section */

/* Begin XCConfigurationList section */
		D477B3F5213EA86B0018AB45 /* Build configuration list for PBXProject "WhiteDragon" */ = {
			isa = XCConfigurationList;
			buildConfigurations = (
				D477B40D213EA86B0018AB45 /* Debug */,
				D477B40E213EA86B0018AB45 /* Release */,
			);
			defaultConfigurationIsVisible = 0;
			defaultConfigurationName = Release;
		};
		D477B412213EA86B0018AB45 /* Build configuration list for PBXNativeTarget "WhiteDragonTests" */ = {
			isa = XCConfigurationList;
			buildConfigurations = (
				D477B413213EA86B0018AB45 /* Debug */,
				D477B414213EA86B0018AB45 /* Release */,
			);
			defaultConfigurationIsVisible = 0;
			defaultConfigurationName = Release;
		};
		D4AD175B217DE96100F768A3 /* Build configuration list for PBXNativeTarget "WhiteDragon" */ = {
			isa = XCConfigurationList;
			buildConfigurations = (
				D4AD1759217DE96100F768A3 /* Debug */,
				D4AD175A217DE96100F768A3 /* Release */,
			);
			defaultConfigurationIsVisible = 0;
			defaultConfigurationName = Release;
		};
		D4E2686C214302A4002ECE12 /* Build configuration list for PBXNativeTarget "WhiteDragonTestHarness" */ = {
			isa = XCConfigurationList;
			buildConfigurations = (
				D4E2686A214302A4002ECE12 /* Debug */,
				D4E2686B214302A4002ECE12 /* Release */,
			);
			defaultConfigurationIsVisible = 0;
			defaultConfigurationName = Release;
		};
/* End XCConfigurationList section */
	};
	rootObject = D477B3F2213EA86B0018AB45 /* Project object */;
}
